
Microsoft Visual Studio Solution File, Format Version 12.00
# Visual Studio Version 17
VisualStudioVersion = 17.3.32901.215
MinimumVisualStudioVersion = 10.0.40219.1
Project("{FAE04EC0-301F-11D3-BF4B-00C04F79EFBC}") = "Proyecto2", "Proyecto2\Proyecto2.csproj", "{255462A4-F418-47C2-925D-16ED044945BA}"
EndProject
Global
	GlobalSection(SolutionConfigurationPlatforms) = preSolution
		Debug|Any CPU = Debug|Any CPU
		Release|Any CPU = Release|Any CPU
	EndGlobalSection
	GlobalSection(ProjectConfigurationPlatforms) = postSolution
		{255462A4-F418-47C2-925D-16ED044945BA}.Debug|Any CPU.ActiveCfg = Debug|Any CPU
		{255462A4-F418-47C2-925D-16ED044945BA}.Debug|Any CPU.Build.0 = Debug|Any CPU
		{255462A4-F418-47C2-925D-16ED044945BA}.Release|Any CPU.ActiveCfg = Release|Any CPU
		{255462A4-F418-47C2-925D-16ED044945BA}.Release|Any CPU.Build.0 = Release|Any CPU
	EndGlobalSection
	GlobalSection(SolutionProperties) = preSolution
		HideSolutionNode = FALSE
	EndGlobalSection
	GlobalSection(ExtensibilityGlobals) = postSolution
		SolutionGuid = {1ED0B40A-F359-42E5-94D5-CFB32CAFACCD}
	EndGlobalSection
EndGlobal
